
Microsoft Visual Studio Solution File, Format Version 12.00
# Visual Studio Version 17
VisualStudioVersion = 17.5.002.0
MinimumVisualStudioVersion = 10.0.40219.1
Project("{9A19103F-16F7-4668-BE54-9A1E7A4F7556}") = "API", "API.csproj", "{298ED9DE-5C40-41BF-B5D4-482E77E497AD}"
EndProject
Global
	GlobalSection(SolutionConfigurationPlatforms) = preSolution
		Debug|Any CPU = Debug|Any CPU
		Release|Any CPU = Release|Any CPU
	EndGlobalSection
	GlobalSection(ProjectConfigurationPlatforms) = postSolution
		{298ED9DE-5C40-41BF-B5D4-482E77E497AD}.Debug|Any CPU.ActiveCfg = Debug|Any CPU
		{298ED9DE-5C40-41BF-B5D4-482E77E497AD}.Debug|Any CPU.Build.0 = Debug|Any CPU
		{298ED9DE-5C40-41BF-B5D4-482E77E497AD}.Release|Any CPU.ActiveCfg = Release|Any CPU
		{298ED9DE-5C40-41BF-B5D4-482E77E497AD}.Release|Any CPU.Build.0 = Release|Any CPU
	EndGlobalSection
	GlobalSection(SolutionProperties) = preSolution
		HideSolutionNode = FALSE
	EndGlobalSection
	GlobalSection(ExtensibilityGlobals) = postSolution
		SolutionGuid = {9A946660-1C0F-460C-9CBD-1771023DA9B9}
	EndGlobalSection
EndGlobal
